
Microsoft Visual Studio Solution File, Format Version 12.00
# Visual Studio 2013
VisualStudioVersion = 12.0.21005.1
MinimumVisualStudioVersion = 10.0.40219.1
Project("{FAE04EC0-301F-11D3-BF4B-00C04F79EFBC}") = "MinesweeperGame", "MinesweeperGame\MinesweeperGame.csproj", "{175F7803-074D-4EC7-B77C-708B75CE8BC1}"
EndProject
Project("{FAE04EC0-301F-11D3-BF4B-00C04F79EFBC}") = "MinesweeperGame.Demo", "MinesweeperGame.Demo\MinesweeperGame.Demo.csproj", "{B212C441-755C-4C27-B603-A09B25C656C5}"
EndProject
Project("{FAE04EC0-301F-11D3-BF4B-00C04F79EFBC}") = "MinesweeperGame.UnitTests", "MinesweeperGame.UnitTests\MinesweeperGame.UnitTests.csproj", "{BA3316A0-CC34-4842-B619-94B88CA06678}"
EndProject
Global
	GlobalSection(SolutionConfigurationPlatforms) = preSolution
		Debug|Any CPU = Debug|Any CPU
		Release|Any CPU = Release|Any CPU
	EndGlobalSection
	GlobalSection(ProjectConfigurationPlatforms) = postSolution
		{175F7803-074D-4EC7-B77C-708B75CE8BC1}.Debug|Any CPU.ActiveCfg = Debug|Any CPU
		{175F7803-074D-4EC7-B77C-708B75CE8BC1}.Debug|Any CPU.Build.0 = Debug|Any CPU
		{175F7803-074D-4EC7-B77C-708B75CE8BC1}.Release|Any CPU.ActiveCfg = Release|Any CPU
		{175F7803-074D-4EC7-B77C-708B75CE8BC1}.Release|Any CPU.Build.0 = Release|Any CPU
		{B212C441-755C-4C27-B603-A09B25C656C5}.Debug|Any CPU.ActiveCfg = Debug|Any CPU
		{B212C441-755C-4C27-B603-A09B25C656C5}.Debug|Any CPU.Build.0 = Debug|Any CPU
		{B212C441-755C-4C27-B603-A09B25C656C5}.Release|Any CPU.ActiveCfg = Release|Any CPU
		{B212C441-755C-4C27-B603-A09B25C656C5}.Release|Any CPU.Build.0 = Release|Any CPU
		{BA3316A0-CC34-4842-B619-94B88CA06678}.Debug|Any CPU.ActiveCfg = Debug|Any CPU
		{BA3316A0-CC34-4842-B619-94B88CA06678}.Debug|Any CPU.Build.0 = Debug|Any CPU
		{BA3316A0-CC34-4842-B619-94B88CA06678}.Release|Any CPU.ActiveCfg = Release|Any CPU
		{BA3316A0-CC34-4842-B619-94B88CA06678}.Release|Any CPU.Build.0 = Release|Any CPU
	EndGlobalSection
	GlobalSection(SolutionProperties) = preSolution
		HideSolutionNode = FALSE
	EndGlobalSection
EndGlobal
