
Microsoft Visual Studio Solution File, Format Version 12.00
# Visual Studio 2013
VisualStudioVersion = 12.0.21005.1
MinimumVisualStudioVersion = 10.0.40219.1
Project("{FAE04EC0-301F-11D3-BF4B-00C04F79EFBC}") = "MinesweeperGame", "..\MinesweeperGame\MinesweeperGame.csproj", "{93048154-C058-45DC-A299-A18069AFBB1A}"
EndProject
Project("{FAE04EC0-301F-11D3-BF4B-00C04F79EFBC}") = "MinesweeperGame.Demo", "MinesweeperGame.Demo\MinesweeperGame.Demo.csproj", "{2B56905C-E732-4AF7-BBEA-C2531C250A82}"
EndProject
Project("{FAE04EC0-301F-11D3-BF4B-00C04F79EFBC}") = "MinesweeperGame.UnitTests", "MinesweeperGame.UnitTests\MinesweeperGame.UnitTests.csproj", "{65EA9C5D-3ECC-4FA1-9BB2-8131549A5B0A}"
EndProject
Global
	GlobalSection(SolutionConfigurationPlatforms) = preSolution
		Debug|Any CPU = Debug|Any CPU
		Debug|Mixed Platforms = Debug|Mixed Platforms
		Debug|x86 = Debug|x86
		Release|Any CPU = Release|Any CPU
		Release|Mixed Platforms = Release|Mixed Platforms
		Release|x86 = Release|x86
	EndGlobalSection
	GlobalSection(ProjectConfigurationPlatforms) = postSolution
		{93048154-C058-45DC-A299-A18069AFBB1A}.Debug|Any CPU.ActiveCfg = Debug|Any CPU
		{93048154-C058-45DC-A299-A18069AFBB1A}.Debug|Any CPU.Build.0 = Debug|Any CPU
		{93048154-C058-45DC-A299-A18069AFBB1A}.Debug|Mixed Platforms.ActiveCfg = Debug|Any CPU
		{93048154-C058-45DC-A299-A18069AFBB1A}.Debug|Mixed Platforms.Build.0 = Debug|Any CPU
		{93048154-C058-45DC-A299-A18069AFBB1A}.Debug|x86.ActiveCfg = Debug|Any CPU
		{93048154-C058-45DC-A299-A18069AFBB1A}.Release|Any CPU.ActiveCfg = Release|Any CPU
		{93048154-C058-45DC-A299-A18069AFBB1A}.Release|Any CPU.Build.0 = Release|Any CPU
		{93048154-C058-45DC-A299-A18069AFBB1A}.Release|Mixed Platforms.ActiveCfg = Release|Any CPU
		{93048154-C058-45DC-A299-A18069AFBB1A}.Release|Mixed Platforms.Build.0 = Release|Any CPU
		{93048154-C058-45DC-A299-A18069AFBB1A}.Release|x86.ActiveCfg = Release|Any CPU
		{2B56905C-E732-4AF7-BBEA-C2531C250A82}.Debug|Any CPU.ActiveCfg = Debug|Any CPU
		{2B56905C-E732-4AF7-BBEA-C2531C250A82}.Debug|Any CPU.Build.0 = Debug|Any CPU
		{2B56905C-E732-4AF7-BBEA-C2531C250A82}.Debug|Mixed Platforms.ActiveCfg = Debug|Any CPU
		{2B56905C-E732-4AF7-BBEA-C2531C250A82}.Debug|Mixed Platforms.Build.0 = Debug|Any CPU
		{2B56905C-E732-4AF7-BBEA-C2531C250A82}.Debug|x86.ActiveCfg = Debug|Any CPU
		{2B56905C-E732-4AF7-BBEA-C2531C250A82}.Release|Any CPU.ActiveCfg = Release|Any CPU
		{2B56905C-E732-4AF7-BBEA-C2531C250A82}.Release|Any CPU.Build.0 = Release|Any CPU
		{2B56905C-E732-4AF7-BBEA-C2531C250A82}.Release|Mixed Platforms.ActiveCfg = Release|Any CPU
		{2B56905C-E732-4AF7-BBEA-C2531C250A82}.Release|Mixed Platforms.Build.0 = Release|Any CPU
		{2B56905C-E732-4AF7-BBEA-C2531C250A82}.Release|x86.ActiveCfg = Release|Any CPU
		{65EA9C5D-3ECC-4FA1-9BB2-8131549A5B0A}.Debug|Any CPU.ActiveCfg = Debug|Any CPU
		{65EA9C5D-3ECC-4FA1-9BB2-8131549A5B0A}.Debug|Any CPU.Build.0 = Debug|Any CPU
		{65EA9C5D-3ECC-4FA1-9BB2-8131549A5B0A}.Debug|Mixed Platforms.ActiveCfg = Debug|Any CPU
		{65EA9C5D-3ECC-4FA1-9BB2-8131549A5B0A}.Debug|Mixed Platforms.Build.0 = Debug|Any CPU
		{65EA9C5D-3ECC-4FA1-9BB2-8131549A5B0A}.Debug|x86.ActiveCfg = Debug|Any CPU
		{65EA9C5D-3ECC-4FA1-9BB2-8131549A5B0A}.Release|Any CPU.ActiveCfg = Release|Any CPU
		{65EA9C5D-3ECC-4FA1-9BB2-8131549A5B0A}.Release|Any CPU.Build.0 = Release|Any CPU
		{65EA9C5D-3ECC-4FA1-9BB2-8131549A5B0A}.Release|Mixed Platforms.ActiveCfg = Release|Any CPU
		{65EA9C5D-3ECC-4FA1-9BB2-8131549A5B0A}.Release|Mixed Platforms.Build.0 = Release|Any CPU
		{65EA9C5D-3ECC-4FA1-9BB2-8131549A5B0A}.Release|x86.ActiveCfg = Release|Any CPU
	EndGlobalSection
	GlobalSection(SolutionProperties) = preSolution
		HideSolutionNode = FALSE
	EndGlobalSection
EndGlobal
